
Microsoft Visual Studio Solution File, Format Version 12.00
# Visual Studio Version 16
VisualStudioVersion = 16.0.30011.22
MinimumVisualStudioVersion = 10.0.40219.1
Project("{FAE04EC0-301F-11D3-BF4B-00C04F79EFBC}") = "collageDB", "collageDB\collageDB.csproj", "{6B7E97E8-4566-4227-B46E-BD0B098BCEE9}"
EndProject
Global
	GlobalSection(SolutionConfigurationPlatforms) = preSolution
		Debug|Any CPU = Debug|Any CPU
		Release|Any CPU = Release|Any CPU
	EndGlobalSection
	GlobalSection(ProjectConfigurationPlatforms) = postSolution
		{6B7E97E8-4566-4227-B46E-BD0B098BCEE9}.Debug|Any CPU.ActiveCfg = Debug|Any CPU
		{6B7E97E8-4566-4227-B46E-BD0B098BCEE9}.Debug|Any CPU.Build.0 = Debug|Any CPU
		{6B7E97E8-4566-4227-B46E-BD0B098BCEE9}.Release|Any CPU.ActiveCfg = Release|Any CPU
		{6B7E97E8-4566-4227-B46E-BD0B098BCEE9}.Release|Any CPU.Build.0 = Release|Any CPU
	EndGlobalSection
	GlobalSection(SolutionProperties) = preSolution
		HideSolutionNode = FALSE
	EndGlobalSection
	GlobalSection(ExtensibilityGlobals) = postSolution
		SolutionGuid = {989416DF-42F0-43A4-9D04-7034DDB5D189}
	EndGlobalSection
EndGlobal
